// !$*UTF8*$!
{
	archiveVersion = 1;
	classes = {
	};
	objectVersion = 56;
	objects = {

/* Begin PBXBuildFile section */
		953E7EBD2A621BEC0085ACA0 /* AppDelegate.swift in Sources */ = {isa = PBXBuildFile; fileRef = 953E7EBC2A621BEC0085ACA0 /* AppDelegate.swift */; };
		953E7EBF2A621BEC0085ACA0 /* SceneDelegate.swift in Sources */ = {isa = PBXBuildFile; fileRef = 953E7EBE2A621BEC0085ACA0 /* SceneDelegate.swift */; };
		953E7EC12A621BEC0085ACA0 /* ViewController.swift in Sources */ = {isa = PBXBuildFile; fileRef = 953E7EC02A621BEC0085ACA0 /* ViewController.swift */; };
		953E7EC42A621BEC0085ACA0 /* Main.storyboard in Resources */ = {isa = PBXBuildFile; fileRef = 953E7EC22A621BEC0085ACA0 /* Main.storyboard */; };
		953E7EC62A621BED0085ACA0 /* Assets.xcassets in Resources */ = {isa = PBXBuildFile; fileRef = 953E7EC52A621BED0085ACA0 /* Assets.xcassets */; };
		953E7EC92A621BED0085ACA0 /* LaunchScreen.storyboard in Resources */ = {isa = PBXBuildFile; fileRef = 953E7EC72A621BED0085ACA0 /* LaunchScreen.storyboard */; };
		953E7ED42A621BED0085ACA0 /* ContactsAppTests.swift in Sources */ = {isa = PBXBuildFile; fileRef = 953E7ED32A621BED0085ACA0 /* ContactsAppTests.swift */; };
		953E7EDE2A621BED0085ACA0 /* ContactsAppUITests.swift in Sources */ = {isa = PBXBuildFile; fileRef = 953E7EDD2A621BED0085ACA0 /* ContactsAppUITests.swift */; };
		953E7EE02A621BED0085ACA0 /* ContactsAppUITestsLaunchTests.swift in Sources */ = {isa = PBXBuildFile; fileRef = 953E7EDF2A621BED0085ACA0 /* ContactsAppUITestsLaunchTests.swift */; };
		9559C5A22A7D80D900A4AB05 /* Contact.swift in Sources */ = {isa = PBXBuildFile; fileRef = 9559C5A12A7D80D900A4AB05 /* Contact.swift */; };
		9559C5A42A7D822400A4AB05 /* ContactsList.swift in Sources */ = {isa = PBXBuildFile; fileRef = 9559C5A32A7D822400A4AB05 /* ContactsList.swift */; };
		9559C5A62A7D8BF100A4AB05 /* ContactsTableViewController.swift in Sources */ = {isa = PBXBuildFile; fileRef = 9559C5A52A7D8BF100A4AB05 /* ContactsTableViewController.swift */; };
		9559C5A82A7DCE6400A4AB05 /* ContactInformationViewController.swift in Sources */ = {isa = PBXBuildFile; fileRef = 9559C5A72A7DCE6400A4AB05 /* ContactInformationViewController.swift */; };
		95C0FCCC2A858AF000C1A46E /* editContactViewController.swift in Sources */ = {isa = PBXBuildFile; fileRef = 95C0FCCB2A858AF000C1A46E /* editContactViewController.swift */; };
/* End PBXBuildFile section */

/* Begin PBXContainerItemProxy section */
		953E7ED02A621BED0085ACA0 /* PBXContainerItemProxy */ = {
			isa = PBXContainerItemProxy;
			containerPortal = 953E7EB12A621BEB0085ACA0 /* Project object */;
			proxyType = 1;
			remoteGlobalIDString = 953E7EB82A621BEC0085ACA0;
			remoteInfo = ContactsApp;
		};
		953E7EDA2A621BED0085ACA0 /* PBXContainerItemProxy */ = {
			isa = PBXContainerItemProxy;
			containerPortal = 953E7EB12A621BEB0085ACA0 /* Project object */;
			proxyType = 1;
			remoteGlobalIDString = 953E7EB82A621BEC0085ACA0;
			remoteInfo = ContactsApp;
		};
/* End PBXContainerItemProxy section */

/* Begin PBXFileReference section */
		953E7EB92A621BEC0085ACA0 /* ContactsApp.app */ = {isa = PBXFileReference; explicitFileType = wrapper.application; includeInIndex = 0; path = ContactsApp.app; sourceTree = BUILT_PRODUCTS_DIR; };
		953E7EBC2A621BEC0085ACA0 /* AppDelegate.swift */ = {isa = PBXFileReference; lastKnownFileType = sourcecode.swift; path = AppDelegate.swift; sourceTree = "<group>"; };
		953E7EBE2A621BEC0085ACA0 /* SceneDelegate.swift */ = {isa = PBXFileReference; lastKnownFileType = sourcecode.swift; path = SceneDelegate.swift; sourceTree = "<group>"; };
		953E7EC02A621BEC0085ACA0 /* ViewController.swift */ = {isa = PBXFileReference; lastKnownFileType = sourcecode.swift; path = ViewController.swift; sourceTree = "<group>"; };
		953E7EC32A621BEC0085ACA0 /* Base */ = {isa = PBXFileReference; lastKnownFileType = file.storyboard; name = Base; path = Base.lproj/Main.storyboard; sourceTree = "<group>"; };
		953E7EC52A621BED0085ACA0 /* Assets.xcassets */ = {isa = PBXFileReference; lastKnownFileType = folder.assetcatalog; path = Assets.xcassets; sourceTree = "<group>"; };
		953E7EC82A621BED0085ACA0 /* Base */ = {isa = PBXFileReference; lastKnownFileType = file.storyboard; name = Base; path = Base.lproj/LaunchScreen.storyboard; sourceTree = "<group>"; };
		953E7ECA2A621BED0085ACA0 /* Info.plist */ = {isa = PBXFileReference; lastKnownFileType = text.plist.xml; path = Info.plist; sourceTree = "<group>"; };
		953E7ECF2A621BED0085ACA0 /* ContactsAppTests.xctest */ = {isa = PBXFileReference; explicitFileType = wrapper.cfbundle; includeInIndex = 0; path = ContactsAppTests.xctest; sourceTree = BUILT_PRODUCTS_DIR; };
		953E7ED32A621BED0085ACA0 /* ContactsAppTests.swift */ = {isa = PBXFileReference; lastKnownFileType = sourcecode.swift; path = ContactsAppTests.swift; sourceTree = "<group>"; };
		953E7ED92A621BED0085ACA0 /* ContactsAppUITests.xctest */ = {isa = PBXFileReference; explicitFileType = wrapper.cfbundle; includeInIndex = 0; path = ContactsAppUITests.xctest; sourceTree = BUILT_PRODUCTS_DIR; };
		953E7EDD2A621BED0085ACA0 /* ContactsAppUITests.swift */ = {isa = PBXFileReference; lastKnownFileType = sourcecode.swift; path = ContactsAppUITests.swift; sourceTree = "<group>"; };
		953E7EDF2A621BED0085ACA0 /* ContactsAppUITestsLaunchTests.swift */ = {isa = PBXFileReference; lastKnownFileType = sourcecode.swift; path = ContactsAppUITestsLaunchTests.swift; sourceTree = "<group>"; };
		9559C5A12A7D80D900A4AB05 /* Contact.swift */ = {isa = PBXFileReference; lastKnownFileType = sourcecode.swift; path = Contact.swift; sourceTree = "<group>"; };
		9559C5A32A7D822400A4AB05 /* ContactsList.swift */ = {isa = PBXFileReference; lastKnownFileType = sourcecode.swift; path = ContactsList.swift; sourceTree = "<group>"; };
		9559C5A52A7D8BF100A4AB05 /* ContactsTableViewController.swift */ = {isa = PBXFileReference; lastKnownFileType = sourcecode.swift; path = ContactsTableViewController.swift; sourceTree = "<group>"; };
		9559C5A72A7DCE6400A4AB05 /* ContactInformationViewController.swift */ = {isa = PBXFileReference; lastKnownFileType = sourcecode.swift; path = ContactInformationViewController.swift; sourceTree = "<group>"; };
		95C0FCCB2A858AF000C1A46E /* editContactViewController.swift */ = {isa = PBXFileReference; lastKnownFileType = sourcecode.swift; path = editContactViewController.swift; sourceTree = "<group>"; };
/* End PBXFileReference section */

/* Begin PBXFrameworksBuildPhase section */
		953E7EB62A621BEC0085ACA0 /* Frameworks */ = {
			isa = PBXFrameworksBuildPhase;
			buildActionMask = 2147483647;
			files = (
			);
			runOnlyForDeploymentPostprocessing = 0;
		};
		953E7ECC2A621BED0085ACA0 /* Frameworks */ = {
			isa = PBXFrameworksBuildPhase;
			buildActionMask = 2147483647;
			files = (
			);
			runOnlyForDeploymentPostprocessing = 0;
		};
		953E7ED62A621BED0085ACA0 /* Frameworks */ = {
			isa = PBXFrameworksBuildPhase;
			buildActionMask = 2147483647;
			files = (
			);
			runOnlyForDeploymentPostprocessing = 0;
		};
/* End PBXFrameworksBuildPhase section */

/* Begin PBXGroup section */
		953E7EB02A621BEB0085ACA0 = {
			isa = PBXGroup;
			children = (
				953E7EBB2A621BEC0085ACA0 /* ContactsApp */,
				953E7ED22A621BED0085ACA0 /* ContactsAppTests */,
				953E7EDC2A621BED0085ACA0 /* ContactsAppUITests */,
				953E7EBA2A621BEC0085ACA0 /* Products */,
			);
			sourceTree = "<group>";
		};
		953E7EBA2A621BEC0085ACA0 /* Products */ = {
			isa = PBXGroup;
			children = (
				953E7EB92A621BEC0085ACA0 /* ContactsApp.app */,
				953E7ECF2A621BED0085ACA0 /* ContactsAppTests.xctest */,
				953E7ED92A621BED0085ACA0 /* ContactsAppUITests.xctest */,
			);
			name = Products;
			sourceTree = "<group>";
		};
		953E7EBB2A621BEC0085ACA0 /* ContactsApp */ = {
			isa = PBXGroup;
			children = (
				953E7EBC2A621BEC0085ACA0 /* AppDelegate.swift */,
				953E7EBE2A621BEC0085ACA0 /* SceneDelegate.swift */,
				953E7EC02A621BEC0085ACA0 /* ViewController.swift */,
				95C0FCCB2A858AF000C1A46E /* editContactViewController.swift */,
				9559C5A12A7D80D900A4AB05 /* Contact.swift */,
				9559C5A52A7D8BF100A4AB05 /* ContactsTableViewController.swift */,
				9559C5A72A7DCE6400A4AB05 /* ContactInformationViewController.swift */,
				9559C5A32A7D822400A4AB05 /* ContactsList.swift */,
				953E7EC22A621BEC0085ACA0 /* Main.storyboard */,
				953E7EC52A621BED0085ACA0 /* Assets.xcassets */,
				953E7EC72A621BED0085ACA0 /* LaunchScreen.storyboard */,
				953E7ECA2A621BED0085ACA0 /* Info.plist */,
			);
			path = ContactsApp;
			sourceTree = "<group>";
		};
		953E7ED22A621BED0085ACA0 /* ContactsAppTests */ = {
			isa = PBXGroup;
			children = (
				953E7ED32A621BED0085ACA0 /* ContactsAppTests.swift */,
			);
			path = ContactsAppTests;
			sourceTree = "<group>";
		};
		953E7EDC2A621BED0085ACA0 /* ContactsAppUITests */ = {
			isa = PBXGroup;
			children = (
				953E7EDD2A621BED0085ACA0 /* ContactsAppUITests.swift */,
				953E7EDF2A621BED0085ACA0 /* ContactsAppUITestsLaunchTests.swift */,
			);
			path = ContactsAppUITests;
			sourceTree = "<group>";
		};
/* End PBXGroup section */

/* Begin PBXNativeTarget section */
		953E7EB82A621BEC0085ACA0 /* ContactsApp */ = {
			isa = PBXNativeTarget;
			buildConfigurationList = 953E7EE32A621BED0085ACA0 /* Build configuration list for PBXNativeTarget "ContactsApp" */;
			buildPhases = (
				953E7EB52A621BEC0085ACA0 /* Sources */,
				953E7EB62A621BEC0085ACA0 /* Frameworks */,
				953E7EB72A621BEC0085ACA0 /* Resources */,
			);
			buildRules = (
			);
			dependencies = (
			);
			name = ContactsApp;
			productName = ContactsApp;
			productReference = 953E7EB92A621BEC0085ACA0 /* ContactsApp.app */;
			productType = "com.apple.product-type.application";
		};
		953E7ECE2A621BED0085ACA0 /* ContactsAppTests */ = {
			isa = PBXNativeTarget;
			buildConfigurationList = 953E7EE62A621BED0085ACA0 /* Build configuration list for PBXNativeTarget "ContactsAppTests" */;
			buildPhases = (
				953E7ECB2A621BED0085ACA0 /* Sources */,
				953E7ECC2A621BED0085ACA0 /* Frameworks */,
				953E7ECD2A621BED0085ACA0 /* Resources */,
			);
			buildRules = (
			);
			dependencies = (
				953E7ED12A621BED0085ACA0 /* PBXTargetDependency */,
			);
			name = ContactsAppTests;
			productName = ContactsAppTests;
			productReference = 953E7ECF2A621BED0085ACA0 /* ContactsAppTests.xctest */;
			productType = "com.apple.product-type.bundle.unit-test";
		};
		953E7ED82A621BED0085ACA0 /* ContactsAppUITests */ = {
			isa = PBXNativeTarget;
			buildConfigurationList = 953E7EE92A621BED0085ACA0 /* Build configuration list for PBXNativeTarget "ContactsAppUITests" */;
			buildPhases = (
				953E7ED52A621BED0085ACA0 /* Sources */,
				953E7ED62A621BED0085ACA0 /* Frameworks */,
				953E7ED72A621BED0085ACA0 /* Resources */,
			);
			buildRules = (
			);
			dependencies = (
				953E7EDB2A621BED0085ACA0 /* PBXTargetDependency */,
			);
			name = ContactsAppUITests;
			productName = ContactsAppUITests;
			productReference = 953E7ED92A621BED0085ACA0 /* ContactsAppUITests.xctest */;
			productType = "com.apple.product-type.bundle.ui-testing";
		};
/* End PBXNativeTarget section */

/* Begin PBXProject section */
		953E7EB12A621BEB0085ACA0 /* Project object */ = {
			isa = PBXProject;
			attributes = {
				BuildIndependentTargetsInParallel = 1;
				LastSwiftUpdateCheck = 1430;
				LastUpgradeCheck = 1430;
				TargetAttributes = {
					953E7EB82A621BEC0085ACA0 = {
						CreatedOnToolsVersion = 14.3.1;
					};
					953E7ECE2A621BED0085ACA0 = {
						CreatedOnToolsVersion = 14.3.1;
						TestTargetID = 953E7EB82A621BEC0085ACA0;
					};
					953E7ED82A621BED0085ACA0 = {
						CreatedOnToolsVersion = 14.3.1;
						TestTargetID = 953E7EB82A621BEC0085ACA0;
					};
				};
			};
			buildConfigurationList = 953E7EB42A621BEB0085ACA0 /* Build configuration list for PBXProject "ContactsApp" */;
			compatibilityVersion = "Xcode 14.0";
			developmentRegion = en;
			hasScannedForEncodings = 0;
			knownRegions = (
				en,
				Base,
			);
			mainGroup = 953E7EB02A621BEB0085ACA0;
			productRefGroup = 953E7EBA2A621BEC0085ACA0 /* Products */;
			projectDirPath = "";
			projectRoot = "";
			targets = (
				953E7EB82A621BEC0085ACA0 /* ContactsApp */,
				953E7ECE2A621BED0085ACA0 /* ContactsAppTests */,
				953E7ED82A621BED0085ACA0 /* ContactsAppUITests */,
			);
		};
/* End PBXProject section */

/* Begin PBXResourcesBuildPhase section */
		953E7EB72A621BEC0085ACA0 /* Resources */ = {
			isa = PBXResourcesBuildPhase;
			buildActionMask = 2147483647;
			files = (
				953E7EC92A621BED0085ACA0 /* LaunchScreen.storyboard in Resources */,
				953E7EC62A621BED0085ACA0 /* Assets.xcassets in Resources */,
				953E7EC42A621BEC0085ACA0 /* Main.storyboard in Resources */,
			);
			runOnlyForDeploymentPostprocessing = 0;
		};
		953E7ECD2A621BED0085ACA0 /* Resources */ = {
			isa = PBXResourcesBuildPhase;
			buildActionMask = 2147483647;
			files = (
			);
			runOnlyForDeploymentPostprocessing = 0;
		};
		953E7ED72A621BED0085ACA0 /* Resources */ = {
			isa = PBXResourcesBuildPhase;
			buildActionMask = 2147483647;
			files = (
			);
			runOnlyForDeploymentPostprocessing = 0;
		};
/* End PBXResourcesBuildPhase section */

/* Begin PBXSourcesBuildPhase section */
		953E7EB52A621BEC0085ACA0 /* Sources */ = {
			isa = PBXSourcesBuildPhase;
			buildActionMask = 2147483647;
			files = (
				9559C5A42A7D822400A4AB05 /* ContactsList.swift in Sources */,
				9559C5A22A7D80D900A4AB05 /* Contact.swift in Sources */,
				9559C5A62A7D8BF100A4AB05 /* ContactsTableViewController.swift in Sources */,
				95C0FCCC2A858AF000C1A46E /* editContactViewController.swift in Sources */,
				953E7EC12A621BEC0085ACA0 /* ViewController.swift in Sources */,
				953E7EBD2A621BEC0085ACA0 /* AppDelegate.swift in Sources */,
				953E7EBF2A621BEC0085ACA0 /* SceneDelegate.swift in Sources */,
				9559C5A82A7DCE6400A4AB05 /* ContactInformationViewController.swift in Sources */,
			);
			runOnlyForDeploymentPostprocessing = 0;
		};
		953E7ECB2A621BED0085ACA0 /* Sources */ = {
			isa = PBXSourcesBuildPhase;
			buildActionMask = 2147483647;
			files = (
				953E7ED42A621BED0085ACA0 /* ContactsAppTests.swift in Sources */,
			);
			runOnlyForDeploymentPostprocessing = 0;
		};
		953E7ED52A621BED0085ACA0 /* Sources */ = {
			isa = PBXSourcesBuildPhase;
			buildActionMask = 2147483647;
			files = (
				953E7EDE2A621BED0085ACA0 /* ContactsAppUITests.swift in Sources */,
				953E7EE02A621BED0085ACA0 /* ContactsAppUITestsLaunchTests.swift in Sources */,
			);
			runOnlyForDeploymentPostprocessing = 0;
		};
/* End PBXSourcesBuildPhase section */

/* Begin PBXTargetDependency section */
		953E7ED12A621BED0085ACA0 /* PBXTargetDependency */ = {
			isa = PBXTargetDependency;
			target = 953E7EB82A621BEC0085ACA0 /* ContactsApp */;
			targetProxy = 953E7ED02A621BED0085ACA0 /* PBXContainerItemProxy */;
		};
		953E7EDB2A621BED0085ACA0 /* PBXTargetDependency */ = {
			isa = PBXTargetDependency;
			target = 953E7EB82A621BEC0085ACA0 /* ContactsApp */;
			targetProxy = 953E7EDA2A621BED0085ACA0 /* PBXContainerItemProxy */;
		};
/* End PBXTargetDependency section */

/* Begin PBXVariantGroup section */
		953E7EC22A621BEC0085ACA0 /* Main.storyboard */ = {
			isa = PBXVariantGroup;
			children = (
				953E7EC32A621BEC0085ACA0 /* Base */,
			);
			name = Main.storyboard;
			sourceTree = "<group>";
		};
		953E7EC72A621BED0085ACA0 /* LaunchScreen.storyboard */ = {
			isa = PBXVariantGroup;
			children = (
				953E7EC82A621BED0085ACA0 /* Base */,
			);
			name = LaunchScreen.storyboard;
			sourceTree = "<group>";
		};
/* End PBXVariantGroup section */

/* Begin XCBuildConfiguration section */
		953E7EE12A621BED0085ACA0 /* Debug */ = {
			isa = XCBuildConfiguration;
			buildSettings = {
				ALWAYS_SEARCH_USER_PATHS = NO;
				CLANG_ANALYZER_NONNULL = YES;
				CLANG_ANALYZER_NUMBER_OBJECT_CONVERSION = YES_AGGRESSIVE;
				CLANG_CXX_LANGUAGE_STANDARD = "gnu++20";
				CLANG_ENABLE_MODULES = YES;
				CLANG_ENABLE_OBJC_ARC = YES;
				CLANG_ENABLE_OBJC_WEAK = YES;
				CLANG_WARN_BLOCK_CAPTURE_AUTORELEASING = YES;
				CLANG_WARN_BOOL_CONVERSION = YES;
				CLANG_WARN_COMMA = YES;
				CLANG_WARN_CONSTANT_CONVERSION = YES;
				CLANG_WARN_DEPRECATED_OBJC_IMPLEMENTATIONS = YES;
				CLANG_WARN_DIRECT_OBJC_ISA_USAGE = YES_ERROR;
				CLANG_WARN_DOCUMENTATION_COMMENTS = YES;
				CLANG_WARN_EMPTY_BODY = YES;
				CLANG_WARN_ENUM_CONVERSION = YES;
				CLANG_WARN_INFINITE_RECURSION = YES;
				CLANG_WARN_INT_CONVERSION = YES;
				CLANG_WARN_NON_LITERAL_NULL_CONVERSION = YES;
				CLANG_WARN_OBJC_IMPLICIT_RETAIN_SELF = YES;
				CLANG_WARN_OBJC_LITERAL_CONVERSION = YES;
				CLANG_WARN_OBJC_ROOT_CLASS = YES_ERROR;
				CLANG_WARN_QUOTED_INCLUDE_IN_FRAMEWORK_HEADER = YES;
				CLANG_WARN_RANGE_LOOP_ANALYSIS = YES;
				CLANG_WARN_STRICT_PROTOTYPES = YES;
				CLANG_WARN_SUSPICIOUS_MOVE = YES;
				CLANG_WARN_UNGUARDED_AVAILABILITY = YES_AGGRESSIVE;
				CLANG_WARN_UNREACHABLE_CODE = YES;
				CLANG_WARN__DUPLICATE_METHOD_MATCH = YES;
				COPY_PHASE_STRIP = NO;
				DEBUG_INFORMATION_FORMAT = dwarf;
				ENABLE_STRICT_OBJC_MSGSEND = YES;
				ENABLE_TESTABILITY = YES;
				GCC_C_LANGUAGE_STANDARD = gnu11;
				GCC_DYNAMIC_NO_PIC = NO;
				GCC_NO_COMMON_BLOCKS = YES;
				GCC_OPTIMIZATION_LEVEL = 0;
				GCC_PREPROCESSOR_DEFINITIONS = (
					"DEBUG=1",
					"$(inherited)",
				);
				GCC_WARN_64_TO_32_BIT_CONVERSION = YES;
				GCC_WARN_ABOUT_RETURN_TYPE = YES_ERROR;
				GCC_WARN_UNDECLARED_SELECTOR = YES;
				GCC_WARN_UNINITIALIZED_AUTOS = YES_AGGRESSIVE;
				GCC_WARN_UNUSED_FUNCTION = YES;
				GCC_WARN_UNUSED_VARIABLE = YES;
				IPHONEOS_DEPLOYMENT_TARGET = 16.4;
				MTL_ENABLE_DEBUG_INFO = INCLUDE_SOURCE;
				MTL_FAST_MATH = YES;
				ONLY_ACTIVE_ARCH = YES;
				SDKROOT = iphoneos;
				SWIFT_ACTIVE_COMPILATION_CONDITIONS = DEBUG;
				SWIFT_OPTIMIZATION_LEVEL = "-Onone";
			};
			name = Debug;
		};
		953E7EE22A621BED0085ACA0 /* Release */ = {
			isa = XCBuildConfiguration;
			buildSettings = {
				ALWAYS_SEARCH_USER_PATHS = NO;
				CLANG_ANALYZER_NONNULL = YES;
				CLANG_ANALYZER_NUMBER_OBJECT_CONVERSION = YES_AGGRESSIVE;
				CLANG_CXX_LANGUAGE_STANDARD = "gnu++20";
				CLANG_ENABLE_MODULES = YES;
				CLANG_ENABLE_OBJC_ARC = YES;
				CLANG_ENABLE_OBJC_WEAK = YES;
				CLANG_WARN_BLOCK_CAPTURE_AUTORELEASING = YES;
				CLANG_WARN_BOOL_CONVERSION = YES;
				CLANG_WARN_COMMA = YES;
				CLANG_WARN_CONSTANT_CONVERSION = YES;
				CLANG_WARN_DEPRECATED_OBJC_IMPLEMENTATIONS = YES;
				CLANG_WARN_DIRECT_OBJC_ISA_USAGE = YES_ERROR;
				CLANG_WARN_DOCUMENTATION_COMMENTS = YES;
				CLANG_WARN_EMPTY_BODY = YES;
				CLANG_WARN_ENUM_CONVERSION = YES;
				CLANG_WARN_INFINITE_RECURSION = YES;
				CLANG_WARN_INT_CONVERSION = YES;
				CLANG_WARN_NON_LITERAL_NULL_CONVERSION = YES;
				CLANG_WARN_OBJC_IMPLICIT_RETAIN_SELF = YES;
				CLANG_WARN_OBJC_LITERAL_CONVERSION = YES;
				CLANG_WARN_OBJC_ROOT_CLASS = YES_ERROR;
				CLANG_WARN_QUOTED_INCLUDE_IN_FRAMEWORK_HEADER = YES;
				CLANG_WARN_RANGE_LOOP_ANALYSIS = YES;
				CLANG_WARN_STRICT_PROTOTYPES = YES;
				CLANG_WARN_SUSPICIOUS_MOVE = YES;
				CLANG_WARN_UNGUARDED_AVAILABILITY = YES_AGGRESSIVE;
				CLANG_WARN_UNREACHABLE_CODE = YES;
				CLANG_WARN__DUPLICATE_METHOD_MATCH = YES;
				COPY_PHASE_STRIP = NO;
				DEBUG_INFORMATION_FORMAT = "dwarf-with-dsym";
				ENABLE_NS_ASSERTIONS = NO;
				ENABLE_STRICT_OBJC_MSGSEND = YES;
				GCC_C_LANGUAGE_STANDARD = gnu11;
				GCC_NO_COMMON_BLOCKS = YES;
				GCC_WARN_64_TO_32_BIT_CONVERSION = YES;
				GCC_WARN_ABOUT_RETURN_TYPE = YES_ERROR;
				GCC_WARN_UNDECLARED_SELECTOR = YES;
				GCC_WARN_UNINITIALIZED_AUTOS = YES_AGGRESSIVE;
				GCC_WARN_UNUSED_FUNCTION = YES;
				GCC_WARN_UNUSED_VARIABLE = YES;
				IPHONEOS_DEPLOYMENT_TARGET = 16.4;
				MTL_ENABLE_DEBUG_INFO = NO;
				MTL_FAST_MATH = YES;
				SDKROOT = iphoneos;
				SWIFT_COMPILATION_MODE = wholemodule;
				SWIFT_OPTIMIZATION_LEVEL = "-O";
				VALIDATE_PRODUCT = YES;
			};
			name = Release;
		};
		953E7EE42A621BED0085ACA0 /* Debug */ = {
			isa = XCBuildConfiguration;
			buildSettings = {
				ASSETCATALOG_COMPILER_APPICON_NAME = AppIcon;
				ASSETCATALOG_COMPILER_GLOBAL_ACCENT_COLOR_NAME = AccentColor;
				CODE_SIGN_STYLE = Automatic;
				CURRENT_PROJECT_VERSION = 1;
				GENERATE_INFOPLIST_FILE = YES;
				INFOPLIST_FILE = ContactsApp/Info.plist;
				INFOPLIST_KEY_UIApplicationSupportsIndirectInputEvents = YES;
				INFOPLIST_KEY_UILaunchStoryboardName = LaunchScreen;
				INFOPLIST_KEY_UIMainStoryboardFile = Main;
				INFOPLIST_KEY_UISupportedInterfaceOrientations_iPad = "UIInterfaceOrientationPortrait UIInterfaceOrientationPortraitUpsideDown UIInterfaceOrientationLandscapeLeft UIInterfaceOrientationLandscapeRight";
				INFOPLIST_KEY_UISupportedInterfaceOrientations_iPhone = "UIInterfaceOrientationPortrait UIInterfaceOrientationLandscapeLeft UIInterfaceOrientationLandscapeRight";
				LD_RUNPATH_SEARCH_PATHS = (
					"$(inherited)",
					"@executable_path/Frameworks",
				);
				MARKETING_VERSION = 1.0;
				PRODUCT_BUNDLE_IDENTIFIER = Sreenath.ContactsApp;
				PRODUCT_NAME = "$(TARGET_NAME)";
				SWIFT_EMIT_LOC_STRINGS = YES;
				SWIFT_VERSION = 5.0;
				TARGETED_DEVICE_FAMILY = "1,2";
			};
			name = Debug;
		};
		953E7EE52A621BED0085ACA0 /* Release */ = {
			isa = XCBuildConfiguration;
			buildSettings = {
				ASSETCATALOG_COMPILER_APPICON_NAME = AppIcon;
				ASSETCATALOG_COMPILER_GLOBAL_ACCENT_COLOR_NAME = AccentColor;
				CODE_SIGN_STYLE = Automatic;
				CURRENT_PROJECT_VERSION = 1;
				GENERATE_INFOPLIST_FILE = YES;
				INFOPLIST_FILE = ContactsApp/Info.plist;
				INFOPLIST_KEY_UIApplicationSupportsIndirectInputEvents = YES;
				INFOPLIST_KEY_UILaunchStoryboardName = LaunchScreen;
				INFOPLIST_KEY_UIMainStoryboardFile = Main;
				INFOPLIST_KEY_UISupportedInterfaceOrientations_iPad = "UIInterfaceOrientationPortrait UIInterfaceOrientationPortraitUpsideDown UIInterfaceOrientationLandscapeLeft UIInterfaceOrientationLandscapeRight";
				INFOPLIST_KEY_UISupportedInterfaceOrientations_iPhone = "UIInterfaceOrientationPortrait UIInterfaceOrientationLandscapeLeft UIInterfaceOrientationLandscapeRight";
				LD_RUNPATH_SEARCH_PATHS = (
					"$(inherited)",
					"@executable_path/Frameworks",
				);
				MARKETING_VERSION = 1.0;
				PRODUCT_BUNDLE_IDENTIFIER = Sreenath.ContactsApp;
				PRODUCT_NAME = "$(TARGET_NAME)";
				SWIFT_EMIT_LOC_STRINGS = YES;
				SWIFT_VERSION = 5.0;
				TARGETED_DEVICE_FAMILY = "1,2";
			};
			name = Release;
		};
		953E7EE72A621BED0085ACA0 /* Debug */ = {
			isa = XCBuildConfiguration;
			buildSettings = {
				ALWAYS_EMBED_SWIFT_STANDARD_LIBRARIES = YES;
				BUNDLE_LOADER = "$(TEST_HOST)";
				CODE_SIGN_STYLE = Automatic;
				CURRENT_PROJECT_VERSION = 1;
				GENERATE_INFOPLIST_FILE = YES;
				IPHONEOS_DEPLOYMENT_TARGET = 16.4;
				MARKETING_VERSION = 1.0;
				PRODUCT_BUNDLE_IDENTIFIER = Sreenath.ContactsAppTests;
				PRODUCT_NAME = "$(TARGET_NAME)";
				SWIFT_EMIT_LOC_STRINGS = NO;
				SWIFT_VERSION = 5.0;
				TARGETED_DEVICE_FAMILY = "1,2";
				TEST_HOST = "$(BUILT_PRODUCTS_DIR)/ContactsApp.app/$(BUNDLE_EXECUTABLE_FOLDER_PATH)/ContactsApp";
			};
			name = Debug;
		};
		953E7EE82A621BED0085ACA0 /* Release */ = {
			isa = XCBuildConfiguration;
			buildSettings = {
				ALWAYS_EMBED_SWIFT_STANDARD_LIBRARIES = YES;
				BUNDLE_LOADER = "$(TEST_HOST)";
				CODE_SIGN_STYLE = Automatic;
				CURRENT_PROJECT_VERSION = 1;
				GENERATE_INFOPLIST_FILE = YES;
				IPHONEOS_DEPLOYMENT_TARGET = 16.4;
				MARKETING_VERSION = 1.0;
				PRODUCT_BUNDLE_IDENTIFIER = Sreenath.ContactsAppTests;
				PRODUCT_NAME = "$(TARGET_NAME)";
				SWIFT_EMIT_LOC_STRINGS = NO;
				SWIFT_VERSION = 5.0;
				TARGETED_DEVICE_FAMILY = "1,2";
				TEST_HOST = "$(BUILT_PRODUCTS_DIR)/ContactsApp.app/$(BUNDLE_EXECUTABLE_FOLDER_PATH)/ContactsApp";
			};
			name = Release;
		};
		953E7EEA2A621BED0085ACA0 /* Debug */ = {
			isa = XCBuildConfiguration;
			buildSettings = {
				ALWAYS_EMBED_SWIFT_STANDARD_LIBRARIES = YES;
				CODE_SIGN_STYLE = Automatic;
				CURRENT_PROJECT_VERSION = 1;
				GENERATE_INFOPLIST_FILE = YES;
				MARKETING_VERSION = 1.0;
				PRODUCT_BUNDLE_IDENTIFIER = Sreenath.ContactsAppUITests;
				PRODUCT_NAME = "$(TARGET_NAME)";
				SWIFT_EMIT_LOC_STRINGS = NO;
				SWIFT_VERSION = 5.0;
				TARGETED_DEVICE_FAMILY = "1,2";
				TEST_TARGET_NAME = ContactsApp;
			};
			name = Debug;
		};
		953E7EEB2A621BED0085ACA0 /* Release */ = {
			isa = XCBuildConfiguration;
			buildSettings = {
				ALWAYS_EMBED_SWIFT_STANDARD_LIBRARIES = YES;
				CODE_SIGN_STYLE = Automatic;
				CURRENT_PROJECT_VERSION = 1;
				GENERATE_INFOPLIST_FILE = YES;
				MARKETING_VERSION = 1.0;
				PRODUCT_BUNDLE_IDENTIFIER = Sreenath.ContactsAppUITests;
				PRODUCT_NAME = "$(TARGET_NAME)";
				SWIFT_EMIT_LOC_STRINGS = NO;
				SWIFT_VERSION = 5.0;
				TARGETED_DEVICE_FAMILY = "1,2";
				TEST_TARGET_NAME = ContactsApp;
			};
			name = Release;
		};
/* End XCBuildConfiguration section */

/* Begin XCConfigurationList section */
		953E7EB42A621BEB0085ACA0 /* Build configuration list for PBXProject "ContactsApp" */ = {
			isa = XCConfigurationList;
			buildConfigurations = (
				953E7EE12A621BED0085ACA0 /* Debug */,
				953E7EE22A621BED0085ACA0 /* Release */,
			);
			defaultConfigurationIsVisible = 0;
			defaultConfigurationName = Release;
		};
		953E7EE32A621BED0085ACA0 /* Build configuration list for PBXNativeTarget "ContactsApp" */ = {
			isa = XCConfigurationList;
			buildConfigurations = (
				953E7EE42A621BED0085ACA0 /* Debug */,
				953E7EE52A621BED0085ACA0 /* Release */,
			);
			defaultConfigurationIsVisible = 0;
			defaultConfigurationName = Release;
		};
		953E7EE62A621BED0085ACA0 /* Build configuration list for PBXNativeTarget "ContactsAppTests" */ = {
			isa = XCConfigurationList;
			buildConfigurations = (
				953E7EE72A621BED0085ACA0 /* Debug */,
				953E7EE82A621BED0085ACA0 /* Release */,
			);
			defaultConfigurationIsVisible = 0;
			defaultConfigurationName = Release;
		};
		953E7EE92A621BED0085ACA0 /* Build configuration list for PBXNativeTarget "ContactsAppUITests" */ = {
			isa = XCConfigurationList;
			buildConfigurations = (
				953E7EEA2A621BED0085ACA0 /* Debug */,
				953E7EEB2A621BED0085ACA0 /* Release */,
			);
			defaultConfigurationIsVisible = 0;
			defaultConfigurationName = Release;
		};
/* End XCConfigurationList section */
	};
	rootObject = 953E7EB12A621BEB0085ACA0 /* Project object */;
}
